// !$*UTF8*$!
{
	archiveVersion = 1;
	classes = {
	};
	objectVersion = 46;
	objects = {

/* Begin PBXBuildFile section */
		2989E67A1D5A3C0A00E5BA49 /* main.cpp in Sources */ = {isa = PBXBuildFile; fileRef = 2989E6791D5A3C0A00E5BA49 /* main.cpp */; };
		29AC08921D5B8BCE0028C995 /* metawear-old in Frameworks */ = {isa = PBXBuildFile; fileRef = 29AC08901D5B8B5A0028C995 /* metawear-old */; };
		29AC08961D5B91290028C995 /* metawear in Frameworks */ = {isa = PBXBuildFile; fileRef = 29AC08951D5B911D0028C995 /* metawear */; };
/* End PBXBuildFile section */

/* Begin PBXCopyFilesBuildPhase section */
		2989E6741D5A3C0A00E5BA49 /* CopyFiles */ = {
			isa = PBXCopyFilesBuildPhase;
			buildActionMask = 2147483647;
			dstPath = /usr/share/man/man1/;
			dstSubfolderSpec = 0;
			files = (
			);
			runOnlyForDeploymentPostprocessing = 1;
		};
/* End PBXCopyFilesBuildPhase section */

/* Begin PBXFileReference section */
		2989E6761D5A3C0A00E5BA49 /* raspn */ = {isa = PBXFileReference; explicitFileType = "compiled.mach-o.executable"; includeInIndex = 0; path = raspn; sourceTree = BUILT_PRODUCTS_DIR; };
		2989E6791D5A3C0A00E5BA49 /* main.cpp */ = {isa = PBXFileReference; lastKnownFileType = sourcecode.cpp.cpp; path = main.cpp; sourceTree = "<group>"; };
		29AC08901D5B8B5A0028C995 /* metawear-old */ = {isa = PBXFileReference; lastKnownFileType = folder; path = "metawear-old"; sourceTree = "<group>"; };
		29AC08951D5B911D0028C995 /* metawear */ = {isa = PBXFileReference; lastKnownFileType = folder; path = metawear; sourceTree = "<group>"; };
/* End PBXFileReference section */

/* Begin PBXFrameworksBuildPhase section */
		2989E6731D5A3C0A00E5BA49 /* Frameworks */ = {
			isa = PBXFrameworksBuildPhase;
			buildActionMask = 2147483647;
			files = (
				29AC08961D5B91290028C995 /* metawear in Frameworks */,
				29AC08921D5B8BCE0028C995 /* metawear-old in Frameworks */,
			);
			runOnlyForDeploymentPostprocessing = 0;
		};
/* End PBXFrameworksBuildPhase section */

/* Begin PBXGroup section */
		2989E66D1D5A3C0A00E5BA49 = {
			isa = PBXGroup;
			children = (
				2989E6781D5A3C0A00E5BA49 /* raspn */,
				2989E6771D5A3C0A00E5BA49 /* Products */,
			);
			sourceTree = "<group>";
		};
		2989E6771D5A3C0A00E5BA49 /* Products */ = {
			isa = PBXGroup;
			children = (
				2989E6761D5A3C0A00E5BA49 /* raspn */,
			);
			name = Products;
			sourceTree = "<group>";
		};
		2989E6781D5A3C0A00E5BA49 /* raspn */ = {
			isa = PBXGroup;
			children = (
				29AC08951D5B911D0028C995 /* metawear */,
				29AC08901D5B8B5A0028C995 /* metawear-old */,
				2989E6791D5A3C0A00E5BA49 /* main.cpp */,
			);
			path = raspn;
			sourceTree = "<group>";
		};
/* End PBXGroup section */

/* Begin PBXNativeTarget section */
		2989E6751D5A3C0A00E5BA49 /* raspn */ = {
			isa = PBXNativeTarget;
			buildConfigurationList = 2989E67D1D5A3C0A00E5BA49 /* Build configuration list for PBXNativeTarget "raspn" */;
			buildPhases = (
				2989E6721D5A3C0A00E5BA49 /* Sources */,
				2989E6731D5A3C0A00E5BA49 /* Frameworks */,
				2989E6741D5A3C0A00E5BA49 /* CopyFiles */,
			);
			buildRules = (
			);
			dependencies = (
			);
			name = raspn;
			productName = raspn;
			productReference = 2989E6761D5A3C0A00E5BA49 /* raspn */;
			productType = "com.apple.product-type.tool";
		};
/* End PBXNativeTarget section */

/* Begin PBXProject section */
		2989E66E1D5A3C0A00E5BA49 /* Project object */ = {
			isa = PBXProject;
			attributes = {
				LastUpgradeCheck = 0730;
				ORGANIZATIONNAME = NSHIFTED;
				TargetAttributes = {
					2989E6751D5A3C0A00E5BA49 = {
						CreatedOnToolsVersion = 7.3.1;
					};
				};
			};
			buildConfigurationList = 2989E6711D5A3C0A00E5BA49 /* Build configuration list for PBXProject "raspn" */;
			compatibilityVersion = "Xcode 3.2";
			developmentRegion = English;
			hasScannedForEncodings = 0;
			knownRegions = (
				en,
			);
			mainGroup = 2989E66D1D5A3C0A00E5BA49;
			productRefGroup = 2989E6771D5A3C0A00E5BA49 /* Products */;
			projectDirPath = "";
			projectRoot = "";
			targets = (
				2989E6751D5A3C0A00E5BA49 /* raspn */,
			);
		};
/* End PBXProject section */

/* Begin PBXSourcesBuildPhase section */
		2989E6721D5A3C0A00E5BA49 /* Sources */ = {
			isa = PBXSourcesBuildPhase;
			buildActionMask = 2147483647;
			files = (
				2989E67A1D5A3C0A00E5BA49 /* main.cpp in Sources */,
			);
			runOnlyForDeploymentPostprocessing = 0;
		};
/* End PBXSourcesBuildPhase section */

/* Begin XCBuildConfiguration section */
		2989E67B1D5A3C0A00E5BA49 /* Debug */ = {
			isa = XCBuildConfiguration;
			buildSettings = {
				ALWAYS_SEARCH_USER_PATHS = NO;
				CLANG_ANALYZER_NONNULL = YES;
				CLANG_CXX_LANGUAGE_STANDARD = "gnu++0x";
				CLANG_CXX_LIBRARY = "libc++";
				CLANG_ENABLE_MODULES = YES;
				CLANG_ENABLE_OBJC_ARC = YES;
				CLANG_WARN_BOOL_CONVERSION = YES;
				CLANG_WARN_CONSTANT_CONVERSION = YES;
				CLANG_WARN_DIRECT_OBJC_ISA_USAGE = YES_ERROR;
				CLANG_WARN_EMPTY_BODY = YES;
				CLANG_WARN_ENUM_CONVERSION = YES;
				CLANG_WARN_INT_CONVERSION = YES;
				CLANG_WARN_OBJC_ROOT_CLASS = YES_ERROR;
				CLANG_WARN_UNREACHABLE_CODE = YES;
				CLANG_WARN__DUPLICATE_METHOD_MATCH = YES;
				CODE_SIGN_IDENTITY = "-";
				COPY_PHASE_STRIP = NO;
				DEBUG_INFORMATION_FORMAT = dwarf;
				ENABLE_STRICT_OBJC_MSGSEND = YES;
				ENABLE_TESTABILITY = YES;
				GCC_C_LANGUAGE_STANDARD = gnu99;
				GCC_DYNAMIC_NO_PIC = NO;
				GCC_NO_COMMON_BLOCKS = YES;
				GCC_OPTIMIZATION_LEVEL = 0;
				GCC_PREPROCESSOR_DEFINITIONS = (
					"DEBUG=1",
					"$(inherited)",
				);
				GCC_WARN_64_TO_32_BIT_CONVERSION = YES;
				GCC_WARN_ABOUT_RETURN_TYPE = YES_ERROR;
				GCC_WARN_UNDECLARED_SELECTOR = YES;
				GCC_WARN_UNINITIALIZED_AUTOS = YES_AGGRESSIVE;
				GCC_WARN_UNUSED_FUNCTION = YES;
				GCC_WARN_UNUSED_VARIABLE = YES;
				MACOSX_DEPLOYMENT_TARGET = 10.11;
				MTL_ENABLE_DEBUG_INFO = YES;
				ONLY_ACTIVE_ARCH = YES;
				SDKROOT = macosx;
			};
			name = Debug;
		};
		2989E67C1D5A3C0A00E5BA49 /* Release */ = {
			isa = XCBuildConfiguration;
			buildSettings = {
				ALWAYS_SEARCH_USER_PATHS = NO;
				CLANG_ANALYZER_NONNULL = YES;
				CLANG_CXX_LANGUAGE_STANDARD = "gnu++0x";
				CLANG_CXX_LIBRARY = "libc++";
				CLANG_ENABLE_MODULES = YES;
				CLANG_ENABLE_OBJC_ARC = YES;
				CLANG_WARN_BOOL_CONVERSION = YES;
				CLANG_WARN_CONSTANT_CONVERSION = YES;
				CLANG_WARN_DIRECT_OBJC_ISA_USAGE = YES_ERROR;
				CLANG_WARN_EMPTY_BODY = YES;
				CLANG_WARN_ENUM_CONVERSION = YES;
				CLANG_WARN_INT_CONVERSION = YES;
				CLANG_WARN_OBJC_ROOT_CLASS = YES_ERROR;
				CLANG_WARN_UNREACHABLE_CODE = YES;
				CLANG_WARN__DUPLICATE_METHOD_MATCH = YES;
				CODE_SIGN_IDENTITY = "-";
				COPY_PHASE_STRIP = NO;
				DEBUG_INFORMATION_FORMAT = "dwarf-with-dsym";
				ENABLE_NS_ASSERTIONS = NO;
				ENABLE_STRICT_OBJC_MSGSEND = YES;
				GCC_C_LANGUAGE_STANDARD = gnu99;
				GCC_NO_COMMON_BLOCKS = YES;
				GCC_WARN_64_TO_32_BIT_CONVERSION = YES;
				GCC_WARN_ABOUT_RETURN_TYPE = YES_ERROR;
				GCC_WARN_UNDECLARED_SELECTOR = YES;
				GCC_WARN_UNINITIALIZED_AUTOS = YES_AGGRESSIVE;
				GCC_WARN_UNUSED_FUNCTION = YES;
				GCC_WARN_UNUSED_VARIABLE = YES;
				MACOSX_DEPLOYMENT_TARGET = 10.11;
				MTL_ENABLE_DEBUG_INFO = NO;
				SDKROOT = macosx;
			};
			name = Release;
		};
		2989E67E1D5A3C0A00E5BA49 /* Debug */ = {
			isa = XCBuildConfiguration;
			buildSettings = {
				PRODUCT_NAME = "$(TARGET_NAME)";
			};
			name = Debug;
		};
		2989E67F1D5A3C0A00E5BA49 /* Release */ = {
			isa = XCBuildConfiguration;
			buildSettings = {
				PRODUCT_NAME = "$(TARGET_NAME)";
			};
			name = Release;
		};
/* End XCBuildConfiguration section */

/* Begin XCConfigurationList section */
		2989E6711D5A3C0A00E5BA49 /* Build configuration list for PBXProject "raspn" */ = {
			isa = XCConfigurationList;
			buildConfigurations = (
				2989E67B1D5A3C0A00E5BA49 /* Debug */,
				2989E67C1D5A3C0A00E5BA49 /* Release */,
			);
			defaultConfigurationIsVisible = 0;
			defaultConfigurationName = Release;
		};
		2989E67D1D5A3C0A00E5BA49 /* Build configuration list for PBXNativeTarget "raspn" */ = {
			isa = XCConfigurationList;
			buildConfigurations = (
				2989E67E1D5A3C0A00E5BA49 /* Debug */,
				2989E67F1D5A3C0A00E5BA49 /* Release */,
			);
			defaultConfigurationIsVisible = 0;
			defaultConfigurationName = Release;
		};
/* End XCConfigurationList section */
	};
	rootObject = 2989E66E1D5A3C0A00E5BA49 /* Project object */;
}
